# This file is automatically @generated by Cargo.
# It is not intended for manual editing.
version = 4

[[package]]
name = "lily"
version = "0.1.0"

[[package]]
name = "lily_asyncapi"
version = "0.1.0"

[[package]]
name = "lily_background_service"
version = "0.1.0"

[[package]]
name = "lily_cancellation"
version = "0.1.0"

[[package]]
name = "lily_clickhouse"
version = "0.1.0"

[[package]]
name = "lily_clickhouse_derive"
version = "0.1.0"

[[package]]
name = "lily_config"
version = "0.1.0"

[[package]]
name = "lily_consumer"
version = "0.1.0"

[[package]]
name = "lily_error"
version = "0.1.0"

[[package]]
name = "lily_http_api"
version = "0.1.0"

[[package]]
name = "lily_http_api_macros"
version = "0.1.0"

[[package]]
name = "lily_http_client"
version = "0.1.0"

[[package]]
name = "lily_injectable_derive"
version = "0.1.0"

[[package]]
name = "lily_injection"
version = "0.1.0"

[[package]]
name = "lily_injection_registry"
version = "0.1.0"

[[package]]
name = "lily_log"
version = "0.1.0"

[[package]]
name = "lily_middleware"
version = "0.1.0"

[[package]]
name = "lily_mongo_repository"
version = "0.1.0"

[[package]]
name = "lily_mongo_service"
version = "0.1.0"

[[package]]
name = "lily_mongodb"
version = "0.1.0"

[[package]]
name = "lily_mongodb_derive"
version = "0.1.0"

[[package]]
name = "lily_monitoring"
version = "0.1.0"

[[package]]
name = "lily_postgresql"
version = "0.1.0"

[[package]]
name = "lily_postgresql_derive"
version = "0.1.0"

[[package]]
name = "lily_process"
version = "0.1.0"

[[package]]
name = "lily_queue"
version = "0.1.0"

[[package]]
name = "lily_queue_client"
version = "0.1.0"

[[package]]
name = "lily_queue_derive"
version = "0.1.0"

[[package]]
name = "lily_queue_registry"
version = "0.1.0"

[[package]]
name = "lily_redis"
version = "0.1.0"

[[package]]
name = "lily_shutdown"
version = "0.1.0"

[[package]]
name = "lily_trace"
version = "0.1.0"

[[package]]
name = "lily_trace_macros"
version = "0.1.0"

[[package]]
name = "lily_websocket"
version = "0.1.0"

[[package]]
name = "lily_websocket_client"
version = "0.1.0"

[[package]]
name = "lily_websocket_derive"
version = "0.1.0"

[[package]]
name = "lily_websocket_redis"
version = "0.1.0"
